
Microsoft Visual Studio Solution File, Format Version 12.00
# Visual Studio Version 17
VisualStudioVersion = 17.7.34031.279
MinimumVisualStudioVersion = 10.0.40219.1
Project("{FAE04EC0-301F-11D3-BF4B-00C04F79EFBC}") = "APP1", "APP1\APP1.csproj", "{8AD6953B-9113-46AD-A72B-DC8970CB0072}"
EndProject
Global
	GlobalSection(SolutionConfigurationPlatforms) = preSolution
		Debug|Any CPU = Debug|Any CPU
		Release|Any CPU = Release|Any CPU
	EndGlobalSection
	GlobalSection(ProjectConfigurationPlatforms) = postSolution
		{8AD6953B-9113-46AD-A72B-DC8970CB0072}.Debug|Any CPU.ActiveCfg = Debug|Any CPU
		{8AD6953B-9113-46AD-A72B-DC8970CB0072}.Debug|Any CPU.Build.0 = Debug|Any CPU
		{8AD6953B-9113-46AD-A72B-DC8970CB0072}.Release|Any CPU.ActiveCfg = Release|Any CPU
		{8AD6953B-9113-46AD-A72B-DC8970CB0072}.Release|Any CPU.Build.0 = Release|Any CPU
	EndGlobalSection
	GlobalSection(SolutionProperties) = preSolution
		HideSolutionNode = FALSE
	EndGlobalSection
	GlobalSection(ExtensibilityGlobals) = postSolution
		SolutionGuid = {AEA56AE9-10B9-45A0-A12D-E61147DB1BDD}
	EndGlobalSection
EndGlobal
